
Microsoft Visual Studio Solution File, Format Version 10.00
# Visual Studio 2008
Project("{FAE04EC0-301F-11D3-BF4B-00C04F79EFBC}") = "SynergyRMS", "SynergyRMS.csproj", "{22423983-FCF4-4A00-B8F4-986A98866FBB}"
EndProject
Project("{FAE04EC0-301F-11D3-BF4B-00C04F79EFBC}") = "ServiceLayer", "..\ServiceLayer\ServiceLayer.csproj", "{BADC8C77-4632-44D5-83BB-AAFE2DFA6C30}"
EndProject
Project("{FAE04EC0-301F-11D3-BF4B-00C04F79EFBC}") = "DataLayer", "..\DataLayer\DataLayer.csproj", "{AB47FC08-8621-4EF9-AD19-6E3B5CE97E65}"
EndProject
Global
	GlobalSection(SubversionScc) = preSolution
		Svn-Managed = True
		Manager = AnkhSVN - Subversion Support for Visual Studio
	EndGlobalSection
	GlobalSection(SolutionConfigurationPlatforms) = preSolution
		Debug|Any CPU = Debug|Any CPU
		Release|Any CPU = Release|Any CPU
	EndGlobalSection
	GlobalSection(ProjectConfigurationPlatforms) = postSolution
		{22423983-FCF4-4A00-B8F4-986A98866FBB}.Debug|Any CPU.ActiveCfg = Debug|Any CPU
		{22423983-FCF4-4A00-B8F4-986A98866FBB}.Debug|Any CPU.Build.0 = Debug|Any CPU
		{22423983-FCF4-4A00-B8F4-986A98866FBB}.Release|Any CPU.ActiveCfg = Release|Any CPU
		{22423983-FCF4-4A00-B8F4-986A98866FBB}.Release|Any CPU.Build.0 = Release|Any CPU
		{BADC8C77-4632-44D5-83BB-AAFE2DFA6C30}.Debug|Any CPU.ActiveCfg = Debug|Any CPU
		{BADC8C77-4632-44D5-83BB-AAFE2DFA6C30}.Debug|Any CPU.Build.0 = Debug|Any CPU
		{BADC8C77-4632-44D5-83BB-AAFE2DFA6C30}.Release|Any CPU.ActiveCfg = Release|Any CPU
		{BADC8C77-4632-44D5-83BB-AAFE2DFA6C30}.Release|Any CPU.Build.0 = Release|Any CPU
		{AB47FC08-8621-4EF9-AD19-6E3B5CE97E65}.Debug|Any CPU.ActiveCfg = Debug|Any CPU
		{AB47FC08-8621-4EF9-AD19-6E3B5CE97E65}.Debug|Any CPU.Build.0 = Debug|Any CPU
		{AB47FC08-8621-4EF9-AD19-6E3B5CE97E65}.Release|Any CPU.ActiveCfg = Release|Any CPU
		{AB47FC08-8621-4EF9-AD19-6E3B5CE97E65}.Release|Any CPU.Build.0 = Release|Any CPU
	EndGlobalSection
	GlobalSection(SolutionProperties) = preSolution
		HideSolutionNode = FALSE
	EndGlobalSection
EndGlobal
