
Microsoft Visual Studio Solution File, Format Version 10.00
# Visual Studio 2008
Project("{FAE04EC0-301F-11D3-BF4B-00C04F79EFBC}") = "SynergyRMS", "SynergyRMS.csproj", "{22423983-FCF4-4A00-B8F4-986A98866FBB}"
EndProject
Project("{FAE04EC0-301F-11D3-BF4B-00C04F79EFBC}") = "SynergyServiceTestProject", "SynergyServiceTestProject\SynergyServiceTestProject.csproj", "{97141167-21FA-46CE-A11E-9C3F011D6A2C}"
EndProject
Project("{2150E333-8FDC-42A3-9474-1A3956D46DE8}") = "Solution Items", "Solution Items", "{275EEED7-548F-4E5B-A8E0-BA4D4F0E5491}"
	ProjectSection(SolutionItems) = preProject
		LocalTestRun.testrunconfig = LocalTestRun.testrunconfig
		SynergyRMS.vsmdi = SynergyRMS.vsmdi
	EndProjectSection
EndProject
Global
	GlobalSection(TestCaseManagementSettings) = postSolution
		CategoryFile = SynergyRMS.vsmdi
	EndGlobalSection
	GlobalSection(SolutionConfigurationPlatforms) = preSolution
		Debug|Any CPU = Debug|Any CPU
		Release|Any CPU = Release|Any CPU
	EndGlobalSection
	GlobalSection(ProjectConfigurationPlatforms) = postSolution
		{22423983-FCF4-4A00-B8F4-986A98866FBB}.Debug|Any CPU.ActiveCfg = Debug|Any CPU
		{22423983-FCF4-4A00-B8F4-986A98866FBB}.Debug|Any CPU.Build.0 = Debug|Any CPU
		{22423983-FCF4-4A00-B8F4-986A98866FBB}.Release|Any CPU.ActiveCfg = Release|Any CPU
		{22423983-FCF4-4A00-B8F4-986A98866FBB}.Release|Any CPU.Build.0 = Release|Any CPU
		{97141167-21FA-46CE-A11E-9C3F011D6A2C}.Debug|Any CPU.ActiveCfg = Debug|Any CPU
		{97141167-21FA-46CE-A11E-9C3F011D6A2C}.Debug|Any CPU.Build.0 = Debug|Any CPU
		{97141167-21FA-46CE-A11E-9C3F011D6A2C}.Release|Any CPU.ActiveCfg = Release|Any CPU
		{97141167-21FA-46CE-A11E-9C3F011D6A2C}.Release|Any CPU.Build.0 = Release|Any CPU
	EndGlobalSection
	GlobalSection(SolutionProperties) = preSolution
		HideSolutionNode = FALSE
	EndGlobalSection
	GlobalSection(SubversionScc) = preSolution
		Svn-Managed = True
		Manager = AnkhSVN - Subversion Support for Visual Studio
	EndGlobalSection
EndGlobal
