
Microsoft Visual Studio Solution File, Format Version 10.00
# Visual Studio 2008
Project("{FAE04EC0-301F-11D3-BF4B-00C04F79EFBC}") = "LeaveSystem", "LeaveInterface\LeaveSystem.csproj", "{664DAAF9-4B9A-4C74-9492-FD603795C4A9}"
EndProject
Project("{FAE04EC0-301F-11D3-BF4B-00C04F79EFBC}") = "MainApp", "MainApp\MainApp.csproj", "{0C4E794D-0E5B-4F97-B884-62FEA077DA7A}"
EndProject
Project("{FAE04EC0-301F-11D3-BF4B-00C04F79EFBC}") = "LeaveAdapter", "LeaveAdapter\LeaveAdapter.csproj", "{C50E7D92-ECEF-448D-8D7B-29D3BEF8C38F}"
EndProject
Project("{FAE04EC0-301F-11D3-BF4B-00C04F79EFBC}") = "EmployeeSystemEx", "EmployeeSystemEx\EmployeeSystemEx.csproj", "{4F3A6F77-0111-4F0A-9128-063D627CCDE1}"
EndProject
Project("{FAE04EC0-301F-11D3-BF4B-00C04F79EFBC}") = "EmployeeAdapter", "EmployeeAdapter\EmployeeAdapter.csproj", "{B566F19A-E157-4285-81F7-5B66ACC82786}"
EndProject
Global
	GlobalSection(SolutionConfigurationPlatforms) = preSolution
		Debug|Any CPU = Debug|Any CPU
		Release|Any CPU = Release|Any CPU
	EndGlobalSection
	GlobalSection(ProjectConfigurationPlatforms) = postSolution
		{664DAAF9-4B9A-4C74-9492-FD603795C4A9}.Debug|Any CPU.ActiveCfg = Debug|Any CPU
		{664DAAF9-4B9A-4C74-9492-FD603795C4A9}.Debug|Any CPU.Build.0 = Debug|Any CPU
		{664DAAF9-4B9A-4C74-9492-FD603795C4A9}.Release|Any CPU.ActiveCfg = Release|Any CPU
		{664DAAF9-4B9A-4C74-9492-FD603795C4A9}.Release|Any CPU.Build.0 = Release|Any CPU
		{0C4E794D-0E5B-4F97-B884-62FEA077DA7A}.Debug|Any CPU.ActiveCfg = Debug|Any CPU
		{0C4E794D-0E5B-4F97-B884-62FEA077DA7A}.Debug|Any CPU.Build.0 = Debug|Any CPU
		{0C4E794D-0E5B-4F97-B884-62FEA077DA7A}.Release|Any CPU.ActiveCfg = Release|Any CPU
		{0C4E794D-0E5B-4F97-B884-62FEA077DA7A}.Release|Any CPU.Build.0 = Release|Any CPU
		{C50E7D92-ECEF-448D-8D7B-29D3BEF8C38F}.Debug|Any CPU.ActiveCfg = Debug|Any CPU
		{C50E7D92-ECEF-448D-8D7B-29D3BEF8C38F}.Debug|Any CPU.Build.0 = Debug|Any CPU
		{C50E7D92-ECEF-448D-8D7B-29D3BEF8C38F}.Release|Any CPU.ActiveCfg = Release|Any CPU
		{C50E7D92-ECEF-448D-8D7B-29D3BEF8C38F}.Release|Any CPU.Build.0 = Release|Any CPU
		{4F3A6F77-0111-4F0A-9128-063D627CCDE1}.Debug|Any CPU.ActiveCfg = Debug|Any CPU
		{4F3A6F77-0111-4F0A-9128-063D627CCDE1}.Debug|Any CPU.Build.0 = Debug|Any CPU
		{4F3A6F77-0111-4F0A-9128-063D627CCDE1}.Release|Any CPU.ActiveCfg = Release|Any CPU
		{4F3A6F77-0111-4F0A-9128-063D627CCDE1}.Release|Any CPU.Build.0 = Release|Any CPU
		{B566F19A-E157-4285-81F7-5B66ACC82786}.Debug|Any CPU.ActiveCfg = Debug|Any CPU
		{B566F19A-E157-4285-81F7-5B66ACC82786}.Debug|Any CPU.Build.0 = Debug|Any CPU
		{B566F19A-E157-4285-81F7-5B66ACC82786}.Release|Any CPU.ActiveCfg = Release|Any CPU
		{B566F19A-E157-4285-81F7-5B66ACC82786}.Release|Any CPU.Build.0 = Release|Any CPU
	EndGlobalSection
	GlobalSection(SolutionProperties) = preSolution
		HideSolutionNode = FALSE
	EndGlobalSection
EndGlobal
