
Microsoft Visual Studio Solution File, Format Version 10.00
# Visual Studio 2008
Project("{FAE04EC0-301F-11D3-BF4B-00C04F79EFBC}") = "SynergyServices", "SynergyServices\SynergyServices.csproj", "{220DE7E6-B5E1-4142-ACA9-97A790A12464}"
EndProject
Project("{FAE04EC0-301F-11D3-BF4B-00C04F79EFBC}") = "TestConsole", "TestConsole\TestConsole.csproj", "{236F9A72-DF40-48EE-9301-23A960387B76}"
EndProject
Global
	GlobalSection(SolutionConfigurationPlatforms) = preSolution
		Debug|Any CPU = Debug|Any CPU
		Release|Any CPU = Release|Any CPU
	EndGlobalSection
	GlobalSection(ProjectConfigurationPlatforms) = postSolution
		{220DE7E6-B5E1-4142-ACA9-97A790A12464}.Debug|Any CPU.ActiveCfg = Debug|Any CPU
		{220DE7E6-B5E1-4142-ACA9-97A790A12464}.Debug|Any CPU.Build.0 = Debug|Any CPU
		{220DE7E6-B5E1-4142-ACA9-97A790A12464}.Release|Any CPU.ActiveCfg = Release|Any CPU
		{220DE7E6-B5E1-4142-ACA9-97A790A12464}.Release|Any CPU.Build.0 = Release|Any CPU
		{236F9A72-DF40-48EE-9301-23A960387B76}.Debug|Any CPU.ActiveCfg = Debug|Any CPU
		{236F9A72-DF40-48EE-9301-23A960387B76}.Debug|Any CPU.Build.0 = Debug|Any CPU
		{236F9A72-DF40-48EE-9301-23A960387B76}.Release|Any CPU.ActiveCfg = Release|Any CPU
		{236F9A72-DF40-48EE-9301-23A960387B76}.Release|Any CPU.Build.0 = Release|Any CPU
	EndGlobalSection
	GlobalSection(SolutionProperties) = preSolution
		HideSolutionNode = FALSE
	EndGlobalSection
EndGlobal
