
Microsoft Visual Studio Solution File, Format Version 10.00
# Visual Studio 2008
Project("{FAE04EC0-301F-11D3-BF4B-00C04F79EFBC}") = "TEST", "TEST\TEST.csproj", "{F34DE130-A577-4D27-8D6B-D1D339514203}"
EndProject
Global
	GlobalSection(SolutionConfigurationPlatforms) = preSolution
		Debug|Any CPU = Debug|Any CPU
		Release|Any CPU = Release|Any CPU
	EndGlobalSection
	GlobalSection(ProjectConfigurationPlatforms) = postSolution
		{F34DE130-A577-4D27-8D6B-D1D339514203}.Debug|Any CPU.ActiveCfg = Debug|Any CPU
		{F34DE130-A577-4D27-8D6B-D1D339514203}.Debug|Any CPU.Build.0 = Debug|Any CPU
		{F34DE130-A577-4D27-8D6B-D1D339514203}.Release|Any CPU.ActiveCfg = Release|Any CPU
		{F34DE130-A577-4D27-8D6B-D1D339514203}.Release|Any CPU.Build.0 = Release|Any CPU
	EndGlobalSection
	GlobalSection(SolutionProperties) = preSolution
		HideSolutionNode = FALSE
	EndGlobalSection
EndGlobal
